
Microsoft Visual Studio Solution File, Format Version 12.00
# Visual Studio Version 17
VisualStudioVersion = 17.4.33205.214
MinimumVisualStudioVersion = 10.0.40219.1
Project("{FAE04EC0-301F-11D3-BF4B-00C04F79EFBC}") = "KatmanliBlogSitesi.WebUI", "KatmanliBlogSitesi.WebUI\KatmanliBlogSitesi.WebUI.csproj", "{CD0A86D2-1509-4A10-AF52-D2C3688A3D66}"
EndProject
Project("{FAE04EC0-301F-11D3-BF4B-00C04F79EFBC}") = "KatmanliBlogSitesi.Entities", "KatmanliBlogSitesi.Entities\KatmanliBlogSitesi.Entities.csproj", "{A19CE9F3-A6DA-4E03-B369-9AE056674F3F}"
EndProject
Project("{FAE04EC0-301F-11D3-BF4B-00C04F79EFBC}") = "KatmanliBlogSitesi.Data", "KatmanliBlogSitesi.Data\KatmanliBlogSitesi.Data.csproj", "{70BBCC73-9480-4D62-8D72-FAA9B7829123}"
EndProject
Project("{FAE04EC0-301F-11D3-BF4B-00C04F79EFBC}") = "KatmanliBlogSitesi.Service", "KatmanliBlogSitesi.Service\KatmanliBlogSitesi.Service.csproj", "{FBEF10E7-B1A6-4999-97A7-595526149308}"
EndProject
Global
	GlobalSection(SolutionConfigurationPlatforms) = preSolution
		Debug|Any CPU = Debug|Any CPU
		Release|Any CPU = Release|Any CPU
	EndGlobalSection
	GlobalSection(ProjectConfigurationPlatforms) = postSolution
		{CD0A86D2-1509-4A10-AF52-D2C3688A3D66}.Debug|Any CPU.ActiveCfg = Debug|Any CPU
		{CD0A86D2-1509-4A10-AF52-D2C3688A3D66}.Debug|Any CPU.Build.0 = Debug|Any CPU
		{CD0A86D2-1509-4A10-AF52-D2C3688A3D66}.Release|Any CPU.ActiveCfg = Release|Any CPU
		{CD0A86D2-1509-4A10-AF52-D2C3688A3D66}.Release|Any CPU.Build.0 = Release|Any CPU
		{A19CE9F3-A6DA-4E03-B369-9AE056674F3F}.Debug|Any CPU.ActiveCfg = Debug|Any CPU
		{A19CE9F3-A6DA-4E03-B369-9AE056674F3F}.Debug|Any CPU.Build.0 = Debug|Any CPU
		{A19CE9F3-A6DA-4E03-B369-9AE056674F3F}.Release|Any CPU.ActiveCfg = Release|Any CPU
		{A19CE9F3-A6DA-4E03-B369-9AE056674F3F}.Release|Any CPU.Build.0 = Release|Any CPU
		{70BBCC73-9480-4D62-8D72-FAA9B7829123}.Debug|Any CPU.ActiveCfg = Debug|Any CPU
		{70BBCC73-9480-4D62-8D72-FAA9B7829123}.Debug|Any CPU.Build.0 = Debug|Any CPU
		{70BBCC73-9480-4D62-8D72-FAA9B7829123}.Release|Any CPU.ActiveCfg = Release|Any CPU
		{70BBCC73-9480-4D62-8D72-FAA9B7829123}.Release|Any CPU.Build.0 = Release|Any CPU
		{FBEF10E7-B1A6-4999-97A7-595526149308}.Debug|Any CPU.ActiveCfg = Debug|Any CPU
		{FBEF10E7-B1A6-4999-97A7-595526149308}.Debug|Any CPU.Build.0 = Debug|Any CPU
		{FBEF10E7-B1A6-4999-97A7-595526149308}.Release|Any CPU.ActiveCfg = Release|Any CPU
		{FBEF10E7-B1A6-4999-97A7-595526149308}.Release|Any CPU.Build.0 = Release|Any CPU
	EndGlobalSection
	GlobalSection(SolutionProperties) = preSolution
		HideSolutionNode = FALSE
	EndGlobalSection
	GlobalSection(ExtensibilityGlobals) = postSolution
		SolutionGuid = {DBD011BA-2196-490D-97A1-1E43262ED97C}
	EndGlobalSection
EndGlobal
